
Microsoft Visual Studio Solution File, Format Version 12.00
# Visual Studio Version 17
VisualStudioVersion = 17.9.34728.123
MinimumVisualStudioVersion = 10.0.40219.1
Project("{9A19103F-16F7-4668-BE54-9A1E7A4F7556}") = "IssuerOfClaims", "IssuerOfClaims.csproj", "{6FA6F03A-5461-4B37-BA03-F19D54150D6C}"
EndProject
Project("{9A19103F-16F7-4668-BE54-9A1E7A4F7556}") = "Models.DbModel", "..\ModelsDbServer\Models.DbModel.csproj", "{3D19400F-175D-4B8F-B4FC-A66B790A6BD6}"
EndProject
Project("{9A19103F-16F7-4668-BE54-9A1E7A4F7556}") = "ServerUltilities", "..\ServerUltilities\ServerUltilities.csproj", "{EFCE408E-F801-4E3A-8AAB-2383D0B4F62B}"
EndProject
Project("{9A19103F-16F7-4668-BE54-9A1E7A4F7556}") = "Models.Request", "..\Model.Request\Models.Request.csproj", "{6E20EE42-BA34-48A4-BE95-92B1C3C60301}"
EndProject
Global
	GlobalSection(SolutionConfigurationPlatforms) = preSolution
		Debug|Any CPU = Debug|Any CPU
		Release|Any CPU = Release|Any CPU
	EndGlobalSection
	GlobalSection(ProjectConfigurationPlatforms) = postSolution
		{6FA6F03A-5461-4B37-BA03-F19D54150D6C}.Debug|Any CPU.ActiveCfg = Debug|Any CPU
		{6FA6F03A-5461-4B37-BA03-F19D54150D6C}.Debug|Any CPU.Build.0 = Debug|Any CPU
		{6FA6F03A-5461-4B37-BA03-F19D54150D6C}.Release|Any CPU.ActiveCfg = Release|Any CPU
		{6FA6F03A-5461-4B37-BA03-F19D54150D6C}.Release|Any CPU.Build.0 = Release|Any CPU
		{3D19400F-175D-4B8F-B4FC-A66B790A6BD6}.Debug|Any CPU.ActiveCfg = Debug|Any CPU
		{3D19400F-175D-4B8F-B4FC-A66B790A6BD6}.Debug|Any CPU.Build.0 = Debug|Any CPU
		{3D19400F-175D-4B8F-B4FC-A66B790A6BD6}.Release|Any CPU.ActiveCfg = Release|Any CPU
		{3D19400F-175D-4B8F-B4FC-A66B790A6BD6}.Release|Any CPU.Build.0 = Release|Any CPU
		{EFCE408E-F801-4E3A-8AAB-2383D0B4F62B}.Debug|Any CPU.ActiveCfg = Debug|Any CPU
		{EFCE408E-F801-4E3A-8AAB-2383D0B4F62B}.Debug|Any CPU.Build.0 = Debug|Any CPU
		{EFCE408E-F801-4E3A-8AAB-2383D0B4F62B}.Release|Any CPU.ActiveCfg = Release|Any CPU
		{EFCE408E-F801-4E3A-8AAB-2383D0B4F62B}.Release|Any CPU.Build.0 = Release|Any CPU
		{6E20EE42-BA34-48A4-BE95-92B1C3C60301}.Debug|Any CPU.ActiveCfg = Debug|Any CPU
		{6E20EE42-BA34-48A4-BE95-92B1C3C60301}.Debug|Any CPU.Build.0 = Debug|Any CPU
		{6E20EE42-BA34-48A4-BE95-92B1C3C60301}.Release|Any CPU.ActiveCfg = Release|Any CPU
		{6E20EE42-BA34-48A4-BE95-92B1C3C60301}.Release|Any CPU.Build.0 = Release|Any CPU
	EndGlobalSection
	GlobalSection(SolutionProperties) = preSolution
		HideSolutionNode = FALSE
	EndGlobalSection
	GlobalSection(ExtensibilityGlobals) = postSolution
		SolutionGuid = {B4F7DE18-8C48-48F0-92C0-9A9D2DF41B91}
	EndGlobalSection
EndGlobal
